PODS:
  - Kanna (2.2.1)

DEPENDENCIES:
  - Kanna (from `https://github.com/tid-kijyun/Kanna.git`, branch `feature/v3.0.0`)

EXTERNAL SOURCES:
  Kanna:
    :branch: feature/v3.0.0
    :git: https://github.com/tid-kijyun/Kanna.git

CHECKOUT OPTIONS:
  Kanna:
    :commit: a960e2b17156a5002770ae605cc2c699bba2a90b
    :git: https://github.com/tid-kijyun/Kanna.git

SPEC CHECKSUMS:
  Kanna: 9d03f5e7aba03906fbb764eef5a83dbfb5c98fb5

PODFILE CHECKSUM: 8f15d1b6a8a9b32ecef9576796dd515895d935fc

COCOAPODS: 1.4.0
